
Microsoft Visual Studio Solution File, Format Version 12.00
# Visual Studio Version 16
VisualStudioVersion = 16.0.33423.256
MinimumVisualStudioVersion = 10.0.40219.1
Project("{FAE04EC0-301F-11D3-BF4B-00C04F79EFBC}") = "Prac7", "Prac7\Prac7.csproj", "{B0C98ED2-CCEE-44CB-B581-856E08615008}"
EndProject
Global
	GlobalSection(SolutionConfigurationPlatforms) = preSolution
		Debug|Any CPU = Debug|Any CPU
		Release|Any CPU = Release|Any CPU
	EndGlobalSection
	GlobalSection(ProjectConfigurationPlatforms) = postSolution
		{B0C98ED2-CCEE-44CB-B581-856E08615008}.Debug|Any CPU.ActiveCfg = Debug|Any CPU
		{B0C98ED2-CCEE-44CB-B581-856E08615008}.Debug|Any CPU.Build.0 = Debug|Any CPU
		{B0C98ED2-CCEE-44CB-B581-856E08615008}.Release|Any CPU.ActiveCfg = Release|Any CPU
		{B0C98ED2-CCEE-44CB-B581-856E08615008}.Release|Any CPU.Build.0 = Release|Any CPU
	EndGlobalSection
	GlobalSection(SolutionProperties) = preSolution
		HideSolutionNode = FALSE
	EndGlobalSection
	GlobalSection(ExtensibilityGlobals) = postSolution
		SolutionGuid = {CA77C24D-C715-402B-A1E7-D64991A814E2}
	EndGlobalSection
EndGlobal
