
Microsoft Visual Studio Solution File, Format Version 12.00
# Visual Studio Version 16
VisualStudioVersion = 16.0.30907.101
MinimumVisualStudioVersion = 10.0.40219.1
Project("{FAE04EC0-301F-11D3-BF4B-00C04F79EFBC}") = "C5_Demo", "C5_Demo\C5_Demo.csproj", "{8064E8A5-4A53-4B3A-A592-BDC3D6AA575F}"
EndProject
Global
	GlobalSection(SolutionConfigurationPlatforms) = preSolution
		Debug|Any CPU = Debug|Any CPU
		Release|Any CPU = Release|Any CPU
	EndGlobalSection
	GlobalSection(ProjectConfigurationPlatforms) = postSolution
		{8064E8A5-4A53-4B3A-A592-BDC3D6AA575F}.Debug|Any CPU.ActiveCfg = Debug|Any CPU
		{8064E8A5-4A53-4B3A-A592-BDC3D6AA575F}.Debug|Any CPU.Build.0 = Debug|Any CPU
		{8064E8A5-4A53-4B3A-A592-BDC3D6AA575F}.Release|Any CPU.ActiveCfg = Release|Any CPU
		{8064E8A5-4A53-4B3A-A592-BDC3D6AA575F}.Release|Any CPU.Build.0 = Release|Any CPU
	EndGlobalSection
	GlobalSection(SolutionProperties) = preSolution
		HideSolutionNode = FALSE
	EndGlobalSection
	GlobalSection(ExtensibilityGlobals) = postSolution
		SolutionGuid = {67494FE3-1F98-4493-8B6D-ABA15A3FB645}
	EndGlobalSection
EndGlobal
