
Microsoft Visual Studio Solution File, Format Version 12.00
# Visual Studio 2012
Project("{FAE04EC0-301F-11D3-BF4B-00C04F79EFBC}") = "QueryString", "QueryString\QueryString.csproj", "{D954AD74-860A-4F00-959E-98938BBFC7E4}"
EndProject
Global
	GlobalSection(SolutionConfigurationPlatforms) = preSolution
		Debug|Any CPU = Debug|Any CPU
		Release|Any CPU = Release|Any CPU
	EndGlobalSection
	GlobalSection(ProjectConfigurationPlatforms) = postSolution
		{D954AD74-860A-4F00-959E-98938BBFC7E4}.Debug|Any CPU.ActiveCfg = Debug|Any CPU
		{D954AD74-860A-4F00-959E-98938BBFC7E4}.Debug|Any CPU.Build.0 = Debug|Any CPU
		{D954AD74-860A-4F00-959E-98938BBFC7E4}.Release|Any CPU.ActiveCfg = Release|Any CPU
		{D954AD74-860A-4F00-959E-98938BBFC7E4}.Release|Any CPU.Build.0 = Release|Any CPU
	EndGlobalSection
	GlobalSection(SolutionProperties) = preSolution
		HideSolutionNode = FALSE
	EndGlobalSection
EndGlobal
