
Microsoft Visual Studio Solution File, Format Version 12.00
# Visual Studio Version 17
VisualStudioVersion = 17.4.33213.308
MinimumVisualStudioVersion = 10.0.40219.1
Project("{FAE04EC0-301F-11D3-BF4B-00C04F79EFBC}") = "P6", "P6\P6.csproj", "{2235D98E-69C8-4F27-914B-45A01395092F}"
EndProject
Global
	GlobalSection(SolutionConfigurationPlatforms) = preSolution
		Debug|Any CPU = Debug|Any CPU
		Release|Any CPU = Release|Any CPU
	EndGlobalSection
	GlobalSection(ProjectConfigurationPlatforms) = postSolution
		{2235D98E-69C8-4F27-914B-45A01395092F}.Debug|Any CPU.ActiveCfg = Debug|Any CPU
		{2235D98E-69C8-4F27-914B-45A01395092F}.Debug|Any CPU.Build.0 = Debug|Any CPU
		{2235D98E-69C8-4F27-914B-45A01395092F}.Release|Any CPU.ActiveCfg = Release|Any CPU
		{2235D98E-69C8-4F27-914B-45A01395092F}.Release|Any CPU.Build.0 = Release|Any CPU
	EndGlobalSection
	GlobalSection(SolutionProperties) = preSolution
		HideSolutionNode = FALSE
	EndGlobalSection
	GlobalSection(ExtensibilityGlobals) = postSolution
		SolutionGuid = {3FAA5C4B-0181-4153-BA9A-A2DA6AFDAC17}
	EndGlobalSection
EndGlobal
