
Microsoft Visual Studio Solution File, Format Version 12.00
# Visual Studio Version 17
VisualStudioVersion = 17.5.33516.290
MinimumVisualStudioVersion = 10.0.40219.1
Project("{FAE04EC0-301F-11D3-BF4B-00C04F79EFBC}") = "Practical2", "Practical2\Practical2.csproj", "{20AC70E6-390B-41D1-8684-323F80E01E42}"
EndProject
Global
	GlobalSection(SolutionConfigurationPlatforms) = preSolution
		Debug|Any CPU = Debug|Any CPU
		Release|Any CPU = Release|Any CPU
	EndGlobalSection
	GlobalSection(ProjectConfigurationPlatforms) = postSolution
		{20AC70E6-390B-41D1-8684-323F80E01E42}.Debug|Any CPU.ActiveCfg = Debug|Any CPU
		{20AC70E6-390B-41D1-8684-323F80E01E42}.Debug|Any CPU.Build.0 = Debug|Any CPU
		{20AC70E6-390B-41D1-8684-323F80E01E42}.Release|Any CPU.ActiveCfg = Release|Any CPU
		{20AC70E6-390B-41D1-8684-323F80E01E42}.Release|Any CPU.Build.0 = Release|Any CPU
	EndGlobalSection
	GlobalSection(SolutionProperties) = preSolution
		HideSolutionNode = FALSE
	EndGlobalSection
	GlobalSection(ExtensibilityGlobals) = postSolution
		SolutionGuid = {3B6CE2D8-7AA8-439E-9527-28F9988DCB8B}
	EndGlobalSection
EndGlobal
