
Microsoft Visual Studio Solution File, Format Version 11.00
# Visual Studio 2010
Project("{E24C65DC-7377-472B-9ABA-BC803B73C61A}") = "Cookies1", ".", "{E3962B99-A242-4EDC-B49A-C46D89B05B57}"
	ProjectSection(WebsiteProperties) = preProject
		TargetFrameworkMoniker = ".NETFramework,Version%3Dv4.0"
		Debug.AspNetCompiler.VirtualPath = "/Cookies"
		Debug.AspNetCompiler.PhysicalPath = "..\Cookies\"
		Debug.AspNetCompiler.TargetPath = "PrecompiledWeb\Cookies\"
		Debug.AspNetCompiler.Updateable = "true"
		Debug.AspNetCompiler.ForceOverwrite = "true"
		Debug.AspNetCompiler.FixedNames = "false"
		Debug.AspNetCompiler.Debug = "True"
		Release.AspNetCompiler.VirtualPath = "/Cookies"
		Release.AspNetCompiler.PhysicalPath = "..\Cookies\"
		Release.AspNetCompiler.TargetPath = "PrecompiledWeb\Cookies\"
		Release.AspNetCompiler.Updateable = "true"
		Release.AspNetCompiler.ForceOverwrite = "true"
		Release.AspNetCompiler.FixedNames = "false"
		Release.AspNetCompiler.Debug = "False"
		VWDPort = "1043"
	EndProjectSection
EndProject
Global
	GlobalSection(SolutionConfigurationPlatforms) = preSolution
		Debug|.NET = Debug|.NET
	EndGlobalSection
	GlobalSection(ProjectConfigurationPlatforms) = postSolution
		{E3962B99-A242-4EDC-B49A-C46D89B05B57}.Debug|.NET.ActiveCfg = Debug|.NET
		{E3962B99-A242-4EDC-B49A-C46D89B05B57}.Debug|.NET.Build.0 = Debug|.NET
	EndGlobalSection
	GlobalSection(SolutionProperties) = preSolution
		HideSolutionNode = FALSE
	EndGlobalSection
EndGlobal
