
Microsoft Visual Studio Solution File, Format Version 12.00
# Visual Studio 2012
Project("{FAE04EC0-301F-11D3-BF4B-00C04F79EFBC}") = "Cookies2", "Cookies2\Cookies2.csproj", "{1B352565-280A-4054-8858-D4D1C640483B}"
EndProject
Global
	GlobalSection(SolutionConfigurationPlatforms) = preSolution
		Debug|Any CPU = Debug|Any CPU
		Release|Any CPU = Release|Any CPU
	EndGlobalSection
	GlobalSection(ProjectConfigurationPlatforms) = postSolution
		{1B352565-280A-4054-8858-D4D1C640483B}.Debug|Any CPU.ActiveCfg = Debug|Any CPU
		{1B352565-280A-4054-8858-D4D1C640483B}.Debug|Any CPU.Build.0 = Debug|Any CPU
		{1B352565-280A-4054-8858-D4D1C640483B}.Release|Any CPU.ActiveCfg = Release|Any CPU
		{1B352565-280A-4054-8858-D4D1C640483B}.Release|Any CPU.Build.0 = Release|Any CPU
	EndGlobalSection
	GlobalSection(SolutionProperties) = preSolution
		HideSolutionNode = FALSE
	EndGlobalSection
EndGlobal
