
Microsoft Visual Studio Solution File, Format Version 12.00
# Visual Studio Version 16
VisualStudioVersion = 16.0.30204.135
MinimumVisualStudioVersion = 10.0.40219.1
Project("{FAE04EC0-301F-11D3-BF4B-00C04F79EFBC}") = "Chapter9_Demo", "Chapter9_Demo.csproj", "{31A8ED72-505A-46EF-BC88-C3E9D3603437}"
EndProject
Global
	GlobalSection(SolutionConfigurationPlatforms) = preSolution
		Debug|Any CPU = Debug|Any CPU
		Release|Any CPU = Release|Any CPU
	EndGlobalSection
	GlobalSection(ProjectConfigurationPlatforms) = postSolution
		{31A8ED72-505A-46EF-BC88-C3E9D3603437}.Debug|Any CPU.ActiveCfg = Debug|Any CPU
		{31A8ED72-505A-46EF-BC88-C3E9D3603437}.Debug|Any CPU.Build.0 = Debug|Any CPU
		{31A8ED72-505A-46EF-BC88-C3E9D3603437}.Release|Any CPU.ActiveCfg = Release|Any CPU
		{31A8ED72-505A-46EF-BC88-C3E9D3603437}.Release|Any CPU.Build.0 = Release|Any CPU
	EndGlobalSection
	GlobalSection(SolutionProperties) = preSolution
		HideSolutionNode = FALSE
	EndGlobalSection
	GlobalSection(ExtensibilityGlobals) = postSolution
		SolutionGuid = {C2ECC804-F119-4D4B-B7D8-BFC550A45B5A}
	EndGlobalSection
EndGlobal
