
Microsoft Visual Studio Solution File, Format Version 12.00
# Visual Studio Version 17
VisualStudioVersion = 17.6.33723.286
MinimumVisualStudioVersion = 10.0.40219.1
Project("{FAE04EC0-301F-11D3-BF4B-00C04F79EFBC}") = "Practical6", "Practical6\Practical6.csproj", "{BE741C42-EABF-4708-B922-EA41CCFA64EF}"
EndProject
Global
	GlobalSection(SolutionConfigurationPlatforms) = preSolution
		Debug|Any CPU = Debug|Any CPU
		Release|Any CPU = Release|Any CPU
	EndGlobalSection
	GlobalSection(ProjectConfigurationPlatforms) = postSolution
		{BE741C42-EABF-4708-B922-EA41CCFA64EF}.Debug|Any CPU.ActiveCfg = Debug|Any CPU
		{BE741C42-EABF-4708-B922-EA41CCFA64EF}.Debug|Any CPU.Build.0 = Debug|Any CPU
		{BE741C42-EABF-4708-B922-EA41CCFA64EF}.Release|Any CPU.ActiveCfg = Release|Any CPU
		{BE741C42-EABF-4708-B922-EA41CCFA64EF}.Release|Any CPU.Build.0 = Release|Any CPU
	EndGlobalSection
	GlobalSection(SolutionProperties) = preSolution
		HideSolutionNode = FALSE
	EndGlobalSection
	GlobalSection(ExtensibilityGlobals) = postSolution
		SolutionGuid = {C74EC703-3A63-4466-82D8-B072AA1BBA6E}
	EndGlobalSection
EndGlobal
